// !$*UTF8*$!
{
	archiveVersion = 1;
	classes = {
	};
	objectVersion = 51;
	objects = {

/* Begin PBXBuildFile section */
		8F047A81250E530000D70431 /* WeatherAPI.swift in Sources */ = {isa = PBXBuildFile; fileRef = 8F047A80250E530000D70431 /* WeatherAPI.swift */; };
		8F4A43C2250C8AFA00E597CA /* WeatherManager.swift in Sources */ = {isa = PBXBuildFile; fileRef = 8F4A43C1250C8AFA00E597CA /* WeatherManager.swift */; };
		8F4A43C5250C927000E597CA /* WeatherModel.swift in Sources */ = {isa = PBXBuildFile; fileRef = 8F4A43C4250C927000E597CA /* WeatherModel.swift */; };
		8F8EAD46250E1D890045E117 /* TempCalculation.swift in Sources */ = {isa = PBXBuildFile; fileRef = 8F8EAD45250E1D890045E117 /* TempCalculation.swift */; };
		8F8EAD48250E2CFA0045E117 /* Utilities.swift in Sources */ = {isa = PBXBuildFile; fileRef = 8F8EAD47250E2CFA0045E117 /* Utilities.swift */; };
		8F91C640250C793100BCCA20 /* AppDelegate.swift in Sources */ = {isa = PBXBuildFile; fileRef = 8F91C63F250C793100BCCA20 /* AppDelegate.swift */; };
		8F91C642250C793100BCCA20 /* SceneDelegate.swift in Sources */ = {isa = PBXBuildFile; fileRef = 8F91C641250C793100BCCA20 /* SceneDelegate.swift */; };
		8F91C644250C793100BCCA20 /* ViewController.swift in Sources */ = {isa = PBXBuildFile; fileRef = 8F91C643250C793100BCCA20 /* ViewController.swift */; };
		8F91C647250C793100BCCA20 /* Main.storyboard in Resources */ = {isa = PBXBuildFile; fileRef = 8F91C645250C793100BCCA20 /* Main.storyboard */; };
		8F91C649250C793300BCCA20 /* Assets.xcassets in Resources */ = {isa = PBXBuildFile; fileRef = 8F91C648250C793300BCCA20 /* Assets.xcassets */; };
		8F91C64C250C793300BCCA20 /* LaunchScreen.storyboard in Resources */ = {isa = PBXBuildFile; fileRef = 8F91C64A250C793300BCCA20 /* LaunchScreen.storyboard */; };
		EFD9C113EFA926E96D01E9D0 /* Pods_IniCuaca.framework in Frameworks */ = {isa = PBXBuildFile; fileRef = B246B9E760B15D2B6DD145BE /* Pods_IniCuaca.framework */; };
/* End PBXBuildFile section */

/* Begin PBXFileReference section */
		01935B985FC0F875309B30FA /* Pods-IniCuaca.debug.xcconfig */ = {isa = PBXFileReference; includeInIndex = 1; lastKnownFileType = text.xcconfig; name = "Pods-IniCuaca.debug.xcconfig"; path = "Target Support Files/Pods-IniCuaca/Pods-IniCuaca.debug.xcconfig"; sourceTree = "<group>"; };
		875B2E10F1081B8F86E59BC2 /* Pods-IniCuaca.release.xcconfig */ = {isa = PBXFileReference; includeInIndex = 1; lastKnownFileType = text.xcconfig; name = "Pods-IniCuaca.release.xcconfig"; path = "Target Support Files/Pods-IniCuaca/Pods-IniCuaca.release.xcconfig"; sourceTree = "<group>"; };
		8F047A80250E530000D70431 /* WeatherAPI.swift */ = {isa = PBXFileReference; lastKnownFileType = sourcecode.swift; path = WeatherAPI.swift; sourceTree = "<group>"; };
		8F4A43C1250C8AFA00E597CA /* WeatherManager.swift */ = {isa = PBXFileReference; lastKnownFileType = sourcecode.swift; path = WeatherManager.swift; sourceTree = "<group>"; };
		8F4A43C4250C927000E597CA /* WeatherModel.swift */ = {isa = PBXFileReference; lastKnownFileType = sourcecode.swift; path = WeatherModel.swift; sourceTree = "<group>"; };
		8F8EAD45250E1D890045E117 /* TempCalculation.swift */ = {isa = PBXFileReference; lastKnownFileType = sourcecode.swift; path = TempCalculation.swift; sourceTree = "<group>"; };
		8F8EAD47250E2CFA0045E117 /* Utilities.swift */ = {isa = PBXFileReference; lastKnownFileType = sourcecode.swift; path = Utilities.swift; sourceTree = "<group>"; };
		8F91C63C250C793100BCCA20 /* IniCuaca.app */ = {isa = PBXFileReference; explicitFileType = wrapper.application; includeInIndex = 0; path = IniCuaca.app; sourceTree = BUILT_PRODUCTS_DIR; };
		8F91C63F250C793100BCCA20 /* AppDelegate.swift */ = {isa = PBXFileReference; lastKnownFileType = sourcecode.swift; path = AppDelegate.swift; sourceTree = "<group>"; };
		8F91C641250C793100BCCA20 /* SceneDelegate.swift */ = {isa = PBXFileReference; lastKnownFileType = sourcecode.swift; path = SceneDelegate.swift; sourceTree = "<group>"; };
		8F91C643250C793100BCCA20 /* ViewController.swift */ = {isa = PBXFileReference; lastKnownFileType = sourcecode.swift; path = ViewController.swift; sourceTree = "<group>"; };
		8F91C646250C793100BCCA20 /* Base */ = {isa = PBXFileReference; lastKnownFileType = file.storyboard; name = Base; path = Base.lproj/Main.storyboard; sourceTree = "<group>"; };
		8F91C648250C793300BCCA20 /* Assets.xcassets */ = {isa = PBXFileReference; lastKnownFileType = folder.assetcatalog; path = Assets.xcassets; sourceTree = "<group>"; };
		8F91C64B250C793300BCCA20 /* Base */ = {isa = PBXFileReference; lastKnownFileType = file.storyboard; name = Base; path = Base.lproj/LaunchScreen.storyboard; sourceTree = "<group>"; };
		8F91C64D250C793300BCCA20 /* Info.plist */ = {isa = PBXFileReference; lastKnownFileType = text.plist.xml; path = Info.plist; sourceTree = "<group>"; };
		B246B9E760B15D2B6DD145BE /* Pods_IniCuaca.framework */ = {isa = PBXFileReference; explicitFileType = wrapper.framework; includeInIndex = 0; path = Pods_IniCuaca.framework; sourceTree = BUILT_PRODUCTS_DIR; };
/* End PBXFileReference section */

/* Begin PBXFrameworksBuildPhase section */
		8F91C639250C793100BCCA20 /* Frameworks */ = {
			isa = PBXFrameworksBuildPhase;
			buildActionMask = 2147483647;
			files = (
				EFD9C113EFA926E96D01E9D0 /* Pods_IniCuaca.framework in Frameworks */,
			);
			runOnlyForDeploymentPostprocessing = 0;
		};
/* End PBXFrameworksBuildPhase section */

/* Begin PBXGroup section */
		3B97F52182FE47D770D79722 /* Frameworks */ = {
			isa = PBXGroup;
			children = (
				B246B9E760B15D2B6DD145BE /* Pods_IniCuaca.framework */,
			);
			name = Frameworks;
			sourceTree = "<group>";
		};
		7C3A35C63DC9267F91B6A33D /* Pods */ = {
			isa = PBXGroup;
			children = (
				01935B985FC0F875309B30FA /* Pods-IniCuaca.debug.xcconfig */,
				875B2E10F1081B8F86E59BC2 /* Pods-IniCuaca.release.xcconfig */,
			);
			path = Pods;
			sourceTree = "<group>";
		};
		8F4A43C3250C8D2000E597CA /* Model */ = {
			isa = PBXGroup;
			children = (
				8F4A43C1250C8AFA00E597CA /* WeatherManager.swift */,
				8F4A43C4250C927000E597CA /* WeatherModel.swift */,
				8F8EAD45250E1D890045E117 /* TempCalculation.swift */,
				8F8EAD47250E2CFA0045E117 /* Utilities.swift */,
				8F047A80250E530000D70431 /* WeatherAPI.swift */,
			);
			path = Model;
			sourceTree = "<group>";
		};
		8F91C633250C793100BCCA20 = {
			isa = PBXGroup;
			children = (
				8F91C63E250C793100BCCA20 /* IniCuaca */,
				8F91C63D250C793100BCCA20 /* Products */,
				7C3A35C63DC9267F91B6A33D /* Pods */,
				3B97F52182FE47D770D79722 /* Frameworks */,
			);
			sourceTree = "<group>";
		};
		8F91C63D250C793100BCCA20 /* Products */ = {
			isa = PBXGroup;
			children = (
				8F91C63C250C793100BCCA20 /* IniCuaca.app */,
			);
			name = Products;
			sourceTree = "<group>";
		};
		8F91C63E250C793100BCCA20 /* IniCuaca */ = {
			isa = PBXGroup;
			children = (
				8F91C63F250C793100BCCA20 /* AppDelegate.swift */,
				8F91C641250C793100BCCA20 /* SceneDelegate.swift */,
				8F91C653250C7A4700BCCA20 /* Controller */,
				8F91C654250C7A5800BCCA20 /* View */,
				8F91C648250C793300BCCA20 /* Assets.xcassets */,
				8F91C64A250C793300BCCA20 /* LaunchScreen.storyboard */,
				8F91C64D250C793300BCCA20 /* Info.plist */,
				8F4A43C3250C8D2000E597CA /* Model */,
			);
			path = IniCuaca;
			sourceTree = "<group>";
		};
		8F91C653250C7A4700BCCA20 /* Controller */ = {
			isa = PBXGroup;
			children = (
				8F91C643250C793100BCCA20 /* ViewController.swift */,
			);
			path = Controller;
			sourceTree = "<group>";
		};
		8F91C654250C7A5800BCCA20 /* View */ = {
			isa = PBXGroup;
			children = (
				8F91C645250C793100BCCA20 /* Main.storyboard */,
			);
			path = View;
			sourceTree = "<group>";
		};
/* End PBXGroup section */

/* Begin PBXNativeTarget section */
		8F91C63B250C793100BCCA20 /* IniCuaca */ = {
			isa = PBXNativeTarget;
			buildConfigurationList = 8F91C650250C793300BCCA20 /* Build configuration list for PBXNativeTarget "IniCuaca" */;
			buildPhases = (
				01B00410EDDF760A3593F043 /* [CP] Check Pods Manifest.lock */,
				8F91C638250C793100BCCA20 /* Sources */,
				8F91C639250C793100BCCA20 /* Frameworks */,
				8F91C63A250C793100BCCA20 /* Resources */,
				C7C6AB0EF0F5E49DC5C33A3C /* [CP] Embed Pods Frameworks */,
			);
			buildRules = (
			);
			dependencies = (
			);
			name = IniCuaca;
			productName = IniCuaca;
			productReference = 8F91C63C250C793100BCCA20 /* IniCuaca.app */;
			productType = "com.apple.product-type.application";
		};
/* End PBXNativeTarget section */

/* Begin PBXProject section */
		8F91C634250C793100BCCA20 /* Project object */ = {
			isa = PBXProject;
			attributes = {
				LastSwiftUpdateCheck = 1130;
				LastUpgradeCheck = 1130;
				ORGANIZATIONNAME = IndratSaputra;
				TargetAttributes = {
					8F91C63B250C793100BCCA20 = {
						CreatedOnToolsVersion = 11.3;
					};
				};
			};
			buildConfigurationList = 8F91C637250C793100BCCA20 /* Build configuration list for PBXProject "IniCuaca" */;
			compatibilityVersion = "Xcode 9.3";
			developmentRegion = en;
			hasScannedForEncodings = 0;
			knownRegions = (
				en,
				Base,
			);
			mainGroup = 8F91C633250C793100BCCA20;
			productRefGroup = 8F91C63D250C793100BCCA20 /* Products */;
			projectDirPath = "";
			projectRoot = "";
			targets = (
				8F91C63B250C793100BCCA20 /* IniCuaca */,
			);
		};
/* End PBXProject section */

/* Begin PBXResourcesBuildPhase section */
		8F91C63A250C793100BCCA20 /* Resources */ = {
			isa = PBXResourcesBuildPhase;
			buildActionMask = 2147483647;
			files = (
				8F91C64C250C793300BCCA20 /* LaunchScreen.storyboard in Resources */,
				8F91C649250C793300BCCA20 /* Assets.xcassets in Resources */,
				8F91C647250C793100BCCA20 /* Main.storyboard in Resources */,
			);
			runOnlyForDeploymentPostprocessing = 0;
		};
/* End PBXResourcesBuildPhase section */

/* Begin PBXShellScriptBuildPhase section */
		01B00410EDDF760A3593F043 /* [CP] Check Pods Manifest.lock */ = {
			isa = PBXShellScriptBuildPhase;
			buildActionMask = 2147483647;
			files = (
			);
			inputFileListPaths = (
			);
			inputPaths = (
				"${PODS_PODFILE_DIR_PATH}/Podfile.lock",
				"${PODS_ROOT}/Manifest.lock",
			);
			name = "[CP] Check Pods Manifest.lock";
			outputFileListPaths = (
			);
			outputPaths = (
				"$(DERIVED_FILE_DIR)/Pods-IniCuaca-checkManifestLockResult.txt",
			);
			runOnlyForDeploymentPostprocessing = 0;
			shellPath = /bin/sh;
			shellScript = "diff \"${PODS_PODFILE_DIR_PATH}/Podfile.lock\" \"${PODS_ROOT}/Manifest.lock\" > /dev/null\nif [ $? != 0 ] ; then\n    # print error to STDERR\n    echo \"error: The sandbox is not in sync with the Podfile.lock. Run 'pod install' or update your CocoaPods installation.\" >&2\n    exit 1\nfi\n# This output is used by Xcode 'outputs' to avoid re-running this script phase.\necho \"SUCCESS\" > \"${SCRIPT_OUTPUT_FILE_0}\"\n";
			showEnvVarsInLog = 0;
		};
		C7C6AB0EF0F5E49DC5C33A3C /* [CP] Embed Pods Frameworks */ = {
			isa = PBXShellScriptBuildPhase;
			buildActionMask = 2147483647;
			files = (
			);
			inputFileListPaths = (
				"${PODS_ROOT}/Target Support Files/Pods-IniCuaca/Pods-IniCuaca-frameworks-${CONFIGURATION}-input-files.xcfilelist",
			);
			name = "[CP] Embed Pods Frameworks";
			outputFileListPaths = (
				"${PODS_ROOT}/Target Support Files/Pods-IniCuaca/Pods-IniCuaca-frameworks-${CONFIGURATION}-output-files.xcfilelist",
			);
			runOnlyForDeploymentPostprocessing = 0;
			shellPath = /bin/sh;
			shellScript = "\"${PODS_ROOT}/Target Support Files/Pods-IniCuaca/Pods-IniCuaca-frameworks.sh\"\n";
			showEnvVarsInLog = 0;
		};
/* End PBXShellScriptBuildPhase section */

/* Begin PBXSourcesBuildPhase section */
		8F91C638250C793100BCCA20 /* Sources */ = {
			isa = PBXSourcesBuildPhase;
			buildActionMask = 2147483647;
			files = (
				8F91C644250C793100BCCA20 /* ViewController.swift in Sources */,
				8F91C640250C793100BCCA20 /* AppDelegate.swift in Sources */,
				8F8EAD48250E2CFA0045E117 /* Utilities.swift in Sources */,
				8F4A43C2250C8AFA00E597CA /* WeatherManager.swift in Sources */,
				8F91C642250C793100BCCA20 /* SceneDelegate.swift in Sources */,
				8F047A81250E530000D70431 /* WeatherAPI.swift in Sources */,
				8F8EAD46250E1D890045E117 /* TempCalculation.swift in Sources */,
				8F4A43C5250C927000E597CA /* WeatherModel.swift in Sources */,
			);
			runOnlyForDeploymentPostprocessing = 0;
		};
/* End PBXSourcesBuildPhase section */

/* Begin PBXVariantGroup section */
		8F91C645250C793100BCCA20 /* Main.storyboard */ = {
			isa = PBXVariantGroup;
			children = (
				8F91C646250C793100BCCA20 /* Base */,
			);
			name = Main.storyboard;
			sourceTree = "<group>";
		};
		8F91C64A250C793300BCCA20 /* LaunchScreen.storyboard */ = {
			isa = PBXVariantGroup;
			children = (
				8F91C64B250C793300BCCA20 /* Base */,
			);
			name = LaunchScreen.storyboard;
			sourceTree = "<group>";
		};
/* End PBXVariantGroup section */

/* Begin XCBuildConfiguration section */
		8F91C64E250C793300BCCA20 /* Debug */ = {
			isa = XCBuildConfiguration;
			buildSettings = {
				ALWAYS_SEARCH_USER_PATHS = NO;
				CLANG_ANALYZER_NONNULL = YES;
				CLANG_ANALYZER_NUMBER_OBJECT_CONVERSION = YES_AGGRESSIVE;
				CLANG_CXX_LANGUAGE_STANDARD = "gnu++14";
				CLANG_CXX_LIBRARY = "libc++";
				CLANG_ENABLE_MODULES = YES;
				CLANG_ENABLE_OBJC_ARC = YES;
				CLANG_ENABLE_OBJC_WEAK = YES;
				CLANG_WARN_BLOCK_CAPTURE_AUTORELEASING = YES;
				CLANG_WARN_BOOL_CONVERSION = YES;
				CLANG_WARN_COMMA = YES;
				CLANG_WARN_CONSTANT_CONVERSION = YES;
				CLANG_WARN_DEPRECATED_OBJC_IMPLEMENTATIONS = YES;
				CLANG_WARN_DIRECT_OBJC_ISA_USAGE = YES_ERROR;
				CLANG_WARN_DOCUMENTATION_COMMENTS = YES;
				CLANG_WARN_EMPTY_BODY = YES;
				CLANG_WARN_ENUM_CONVERSION = YES;
				CLANG_WARN_INFINITE_RECURSION = YES;
				CLANG_WARN_INT_CONVERSION = YES;
				CLANG_WARN_NON_LITERAL_NULL_CONVERSION = YES;
				CLANG_WARN_OBJC_IMPLICIT_RETAIN_SELF = YES;
				CLANG_WARN_OBJC_LITERAL_CONVERSION = YES;
				CLANG_WARN_OBJC_ROOT_CLASS = YES_ERROR;
				CLANG_WARN_RANGE_LOOP_ANALYSIS = YES;
				CLANG_WARN_STRICT_PROTOTYPES = YES;
				CLANG_WARN_SUSPICIOUS_MOVE = YES;
				CLANG_WARN_UNGUARDED_AVAILABILITY = YES_AGGRESSIVE;
				CLANG_WARN_UNREACHABLE_CODE = YES;
				CLANG_WARN__DUPLICATE_METHOD_MATCH = YES;
				COPY_PHASE_STRIP = NO;
				DEBUG_INFORMATION_FORMAT = dwarf;
				ENABLE_STRICT_OBJC_MSGSEND = YES;
				ENABLE_TESTABILITY = YES;
				GCC_C_LANGUAGE_STANDARD = gnu11;
				GCC_DYNAMIC_NO_PIC = NO;
				GCC_NO_COMMON_BLOCKS = YES;
				GCC_OPTIMIZATION_LEVEL = 0;
				GCC_PREPROCESSOR_DEFINITIONS = (
					"DEBUG=1",
					"$(inherited)",
				);
				GCC_WARN_64_TO_32_BIT_CONVERSION = YES;
				GCC_WARN_ABOUT_RETURN_TYPE = YES_ERROR;
				GCC_WARN_UNDECLARED_SELECTOR = YES;
				GCC_WARN_UNINITIALIZED_AUTOS = YES_AGGRESSIVE;
				GCC_WARN_UNUSED_FUNCTION = YES;
				GCC_WARN_UNUSED_VARIABLE = YES;
				IPHONEOS_DEPLOYMENT_TARGET = 13.2;
				MTL_ENABLE_DEBUG_INFO = INCLUDE_SOURCE;
				MTL_FAST_MATH = YES;
				ONLY_ACTIVE_ARCH = YES;
				SDKROOT = iphoneos;
				SWIFT_ACTIVE_COMPILATION_CONDITIONS = DEBUG;
				SWIFT_OPTIMIZATION_LEVEL = "-Onone";
			};
			name = Debug;
		};
		8F91C64F250C793300BCCA20 /* Release */ = {
			isa = XCBuildConfiguration;
			buildSettings = {
				ALWAYS_SEARCH_USER_PATHS = NO;
				CLANG_ANALYZER_NONNULL = YES;
				CLANG_ANALYZER_NUMBER_OBJECT_CONVERSION = YES_AGGRESSIVE;
				CLANG_CXX_LANGUAGE_STANDARD = "gnu++14";
				CLANG_CXX_LIBRARY = "libc++";
				CLANG_ENABLE_MODULES = YES;
				CLANG_ENABLE_OBJC_ARC = YES;
				CLANG_ENABLE_OBJC_WEAK = YES;
				CLANG_WARN_BLOCK_CAPTURE_AUTORELEASING = YES;
				CLANG_WARN_BOOL_CONVERSION = YES;
				CLANG_WARN_COMMA = YES;
				CLANG_WARN_CONSTANT_CONVERSION = YES;
				CLANG_WARN_DEPRECATED_OBJC_IMPLEMENTATIONS = YES;
				CLANG_WARN_DIRECT_OBJC_ISA_USAGE = YES_ERROR;
				CLANG_WARN_DOCUMENTATION_COMMENTS = YES;
				CLANG_WARN_EMPTY_BODY = YES;
				CLANG_WARN_ENUM_CONVERSION = YES;
				CLANG_WARN_INFINITE_RECURSION = YES;
				CLANG_WARN_INT_CONVERSION = YES;
				CLANG_WARN_NON_LITERAL_NULL_CONVERSION = YES;
				CLANG_WARN_OBJC_IMPLICIT_RETAIN_SELF = YES;
				CLANG_WARN_OBJC_LITERAL_CONVERSION = YES;
				CLANG_WARN_OBJC_ROOT_CLASS = YES_ERROR;
				CLANG_WARN_RANGE_LOOP_ANALYSIS = YES;
				CLANG_WARN_STRICT_PROTOTYPES = YES;
				CLANG_WARN_SUSPICIOUS_MOVE = YES;
				CLANG_WARN_UNGUARDED_AVAILABILITY = YES_AGGRESSIVE;
				CLANG_WARN_UNREACHABLE_CODE = YES;
				CLANG_WARN__DUPLICATE_METHOD_MATCH = YES;
				COPY_PHASE_STRIP = NO;
				DEBUG_INFORMATION_FORMAT = "dwarf-with-dsym";
				ENABLE_NS_ASSERTIONS = NO;
				ENABLE_STRICT_OBJC_MSGSEND = YES;
				GCC_C_LANGUAGE_STANDARD = gnu11;
				GCC_NO_COMMON_BLOCKS = YES;
				GCC_WARN_64_TO_32_BIT_CONVERSION = YES;
				GCC_WARN_ABOUT_RETURN_TYPE = YES_ERROR;
				GCC_WARN_UNDECLARED_SELECTOR = YES;
				GCC_WARN_UNINITIALIZED_AUTOS = YES_AGGRESSIVE;
				GCC_WARN_UNUSED_FUNCTION = YES;
				GCC_WARN_UNUSED_VARIABLE = YES;
				IPHONEOS_DEPLOYMENT_TARGET = 13.2;
				MTL_ENABLE_DEBUG_INFO = NO;
				MTL_FAST_MATH = YES;
				SDKROOT = iphoneos;
				SWIFT_COMPILATION_MODE = wholemodule;
				SWIFT_OPTIMIZATION_LEVEL = "-O";
				VALIDATE_PRODUCT = YES;
			};
			name = Release;
		};
		8F91C651250C793300BCCA20 /* Debug */ = {
			isa = XCBuildConfiguration;
			baseConfigurationReference = 01935B985FC0F875309B30FA /* Pods-IniCuaca.debug.xcconfig */;
			buildSettings = {
				ASSETCATALOG_COMPILER_APPICON_NAME = AppIcon;
				CODE_SIGN_STYLE = Automatic;
				INFOPLIST_FILE = IniCuaca/Info.plist;
				LD_RUNPATH_SEARCH_PATHS = (
					"$(inherited)",
					"@executable_path/Frameworks",
				);
				PRODUCT_BUNDLE_IDENTIFIER = com.appIDS.IniCuaca;
				PRODUCT_NAME = "$(TARGET_NAME)";
				SWIFT_VERSION = 5.0;
				TARGETED_DEVICE_FAMILY = "1,2";
			};
			name = Debug;
		};
		8F91C652250C793300BCCA20 /* Release */ = {
			isa = XCBuildConfiguration;
			baseConfigurationReference = 875B2E10F1081B8F86E59BC2 /* Pods-IniCuaca.release.xcconfig */;
			buildSettings = {
				ASSETCATALOG_COMPILER_APPICON_NAME = AppIcon;
				CODE_SIGN_STYLE = Automatic;
				INFOPLIST_FILE = IniCuaca/Info.plist;
				LD_RUNPATH_SEARCH_PATHS = (
					"$(inherited)",
					"@executable_path/Frameworks",
				);
				PRODUCT_BUNDLE_IDENTIFIER = com.appIDS.IniCuaca;
				PRODUCT_NAME = "$(TARGET_NAME)";
				SWIFT_VERSION = 5.0;
				TARGETED_DEVICE_FAMILY = "1,2";
			};
			name = Release;
		};
/* End XCBuildConfiguration section */

/* Begin XCConfigurationList section */
		8F91C637250C793100BCCA20 /* Build configuration list for PBXProject "IniCuaca" */ = {
			isa = XCConfigurationList;
			buildConfigurations = (
				8F91C64E250C793300BCCA20 /* Debug */,
				8F91C64F250C793300BCCA20 /* Release */,
			);
			defaultConfigurationIsVisible = 0;
			defaultConfigurationName = Release;
		};
		8F91C650250C793300BCCA20 /* Build configuration list for PBXNativeTarget "IniCuaca" */ = {
			isa = XCConfigurationList;
			buildConfigurations = (
				8F91C651250C793300BCCA20 /* Debug */,
				8F91C652250C793300BCCA20 /* Release */,
			);
			defaultConfigurationIsVisible = 0;
			defaultConfigurationName = Release;
		};
/* End XCConfigurationList section */
	};
	rootObject = 8F91C634250C793100BCCA20 /* Project object */;
}
